github.com/davecgh/go-spew v1.1.1 h1:vj9j/u1bqnvCEfJOwUhtlOARqs3+rkHYY13jYWTU97c=
github.com/gaukas/wazero v1.5.0-w h1:S42NpBmMqqbLgSg+JbH4YepR3kl6Wv/FMVmpuJ5XOcY=
github.com/gaukas/wazero v1.5.0-w/go.mod h1:0U0G41+ochRKoPKCJlh0jMg1CHkyfK8kDqiirMmKY8A=
github.com/pmezard/go-difflib v1.0.0 h1:4DBwDE0NGyQoBHbLQYPwSUPoCMWR5BEzIk/f1lZbAQM=
github.com/refraction-networking/wasmtime-go/v13 v13.0.0 h1:5Asz7xwxaRW59P9hTwxKjn5gKjf7BziCX0+Y9CIZJPs=
github.com/refraction-networking/wasmtime-go/v13 v13.0.0/go.mod h1:KmsZLdjjzNH/E5wbfoRehqP70tHzKlfNOi730VCAR4E=
github.com/stretchr/testify v1.8.0 h1:pSgiaMZlXftHpm5L7V1+rVB+AZJydKsMxsQBIJw4PKk=
golang.org/x/exp v0.0.0-20230905200255-921286631fa9 h1:GoHiUyI/Tp2nVkLI2mCxVkOjsbSXD66ic0XW0js0R9g=
golang.org/x/exp v0.0.0-20230905200255-921286631fa9/go.mod h1:S2oDrQGGwySpoQPVqRShND87VCbxmc6bL1Yd2oYrm6k=
gopkg.in/yaml.v3 v3.0.1 h1:fxVm/GzAzEWqLHuvctI91KS9hhNmmWOoWu0XTYJS7CA=
